
Microsoft Visual Studio Solution File, Format Version 12.00
# Visual Studio Version 17
VisualStudioVersion = 17.2.32630.192
MinimumVisualStudioVersion = 10.0.40219.1
Project("{FAE04EC0-301F-11D3-BF4B-00C04F79EFBC}") = "DBFirst", "DBFirst\DBFirst.csproj", "{6F104393-7D7C-4B22-BE70-989D068AC4BD}"
EndProject
Global
	GlobalSection(SolutionConfigurationPlatforms) = preSolution
		Debug|Any CPU = Debug|Any CPU
		Release|Any CPU = Release|Any CPU
	EndGlobalSection
	GlobalSection(ProjectConfigurationPlatforms) = postSolution
		{6F104393-7D7C-4B22-BE70-989D068AC4BD}.Debug|Any CPU.ActiveCfg = Debug|Any CPU
		{6F104393-7D7C-4B22-BE70-989D068AC4BD}.Debug|Any CPU.Build.0 = Debug|Any CPU
		{6F104393-7D7C-4B22-BE70-989D068AC4BD}.Release|Any CPU.ActiveCfg = Release|Any CPU
		{6F104393-7D7C-4B22-BE70-989D068AC4BD}.Release|Any CPU.Build.0 = Release|Any CPU
	EndGlobalSection
	GlobalSection(SolutionProperties) = preSolution
		HideSolutionNode = FALSE
	EndGlobalSection
	GlobalSection(ExtensibilityGlobals) = postSolution
		SolutionGuid = {CD2FDA38-4B80-4CFD-B378-26C85E238562}
	EndGlobalSection
EndGlobal
